github.com/guanwenbogit/foundation-x v0.0.0-20201224020529-3fd5cc027a10 h1:IP+e7T4H7N2bqgZwpX20ulD4YovEFlZXn9lZ55CXzWw=
github.com/guanwenbogit/foundation-x/plugin v0.0.0-20201224020529-3fd5cc027a10 h1:2fCRiDjBLBbDURAsEVp2rN/3C+wwHuiaEkFMrp1xBcs=
github.com/guanwenbogit/foundation-x/plugin v0.0.0-20201224020529-3fd5cc027a10/go.mod h1:7ESO3VwtgMOOcJaU8zsh/HwNePoGlRIq7+ZKibBJK1k=
